
Microsoft Visual Studio Solution File, Format Version 11.00
# Visual Studio 2010
Project("{8BC9CEB8-8B4A-11D0-8D11-00A0C91BC942}") = "dns_server", "dns_server.vcxproj", "{E6359CA3-E06F-4292-96A2-3B9D7C668C16}"
EndProject
Global
	GlobalSection(SolutionConfigurationPlatforms) = preSolution
		Debug|Win32 = Debug|Win32
		Release|Win32 = Release|Win32
	EndGlobalSection
	GlobalSection(ProjectConfigurationPlatforms) = postSolution
		{E6359CA3-E06F-4292-96A2-3B9D7C668C16}.Debug|Win32.ActiveCfg = Debug|Win32
		{E6359CA3-E06F-4292-96A2-3B9D7C668C16}.Debug|Win32.Build.0 = Debug|Win32
		{E6359CA3-E06F-4292-96A2-3B9D7C668C16}.Release|Win32.ActiveCfg = Release|Win32
		{E6359CA3-E06F-4292-96A2-3B9D7C668C16}.Release|Win32.Build.0 = Release|Win32
	EndGlobalSection
	GlobalSection(SolutionProperties) = preSolution
		HideSolutionNode = FALSE
	EndGlobalSection
EndGlobal
